<?xml version="1.0" encoding="utf-8"?>
<Project ToolsVersion="4.0" xmlns="http://schemas.microsoft.com/developer/msbuild/2003">
  <ItemGroup>
    <ClCompile Include="D:\mysql56win\strings\bchange.c">
      <Filter>Source Files</Filter>
    </ClCompile>
    <ClCompile Include="D:\mysql56win\strings\bmove_upp.c">
      <Filter>Source Files</Filter>
    </ClCompile>
    <ClCompile Include="D:\mysql56win\strings\ctype-big5.c">
      <Filter>Source Files</Filter>
    </ClCompile>
    <ClCompile Include="D:\mysql56win\strings\ctype-bin.c">
      <Filter>Source Files</Filter>
    </ClCompile>
    <ClCompile Include="D:\mysql56win\strings\ctype-cp932.c">
      <Filter>Source Files</Filter>
    </ClCompile>
    <ClCompile Include="D:\mysql56win\strings\ctype-czech.c">
      <Filter>Source Files</Filter>
    </ClCompile>
    <ClCompile Include="D:\mysql56win\strings\ctype-euc_kr.c">
      <Filter>Source Files</Filter>
    </ClCompile>
    <ClCompile Include="D:\mysql56win\strings\ctype-eucjpms.c">
      <Filter>Source Files</Filter>
    </ClCompile>
    <ClCompile Include="D:\mysql56win\strings\ctype-extra.c">
      <Filter>Source Files</Filter>
    </ClCompile>
    <ClCompile Include="D:\mysql56win\strings\ctype-gb2312.c">
      <Filter>Source Files</Filter>
    </ClCompile>
    <ClCompile Include="D:\mysql56win\strings\ctype-gbk.c">
      <Filter>Source Files</Filter>
    </ClCompile>
    <ClCompile Include="D:\mysql56win\strings\ctype-latin1.c">
      <Filter>Source Files</Filter>
    </ClCompile>
    <ClCompile Include="D:\mysql56win\strings\ctype-mb.c">
      <Filter>Source Files</Filter>
    </ClCompile>
    <ClCompile Include="D:\mysql56win\strings\ctype-simple.c">
      <Filter>Source Files</Filter>
    </ClCompile>
    <ClCompile Include="D:\mysql56win\strings\ctype-sjis.c">
      <Filter>Source Files</Filter>
    </ClCompile>
    <ClCompile Include="D:\mysql56win\strings\ctype-tis620.c">
      <Filter>Source Files</Filter>
    </ClCompile>
    <ClCompile Include="D:\mysql56win\strings\ctype-uca.c">
      <Filter>Source Files</Filter>
    </ClCompile>
    <ClCompile Include="D:\mysql56win\strings\ctype-ucs2.c">
      <Filter>Source Files</Filter>
    </ClCompile>
    <ClCompile Include="D:\mysql56win\strings\ctype-ujis.c">
      <Filter>Source Files</Filter>
    </ClCompile>
    <ClCompile Include="D:\mysql56win\strings\ctype-utf8.c">
      <Filter>Source Files</Filter>
    </ClCompile>
    <ClCompile Include="D:\mysql56win\strings\ctype-win1250ch.c">
      <Filter>Source Files</Filter>
    </ClCompile>
    <ClCompile Include="D:\mysql56win\strings\ctype.c">
      <Filter>Source Files</Filter>
    </ClCompile>
    <ClCompile Include="D:\mysql56win\strings\decimal.c">
      <Filter>Source Files</Filter>
    </ClCompile>
    <ClCompile Include="D:\mysql56win\strings\dtoa.c">
      <Filter>Source Files</Filter>
    </ClCompile>
    <ClCompile Include="D:\mysql56win\strings\int2str.c">
      <Filter>Source Files</Filter>
    </ClCompile>
    <ClCompile Include="D:\mysql56win\strings\is_prefix.c">
      <Filter>Source Files</Filter>
    </ClCompile>
    <ClCompile Include="D:\mysql56win\strings\llstr.c">
      <Filter>Source Files</Filter>
    </ClCompile>
    <ClCompile Include="D:\mysql56win\strings\longlong2str.c">
      <Filter>Source Files</Filter>
    </ClCompile>
    <ClCompile Include="D:\mysql56win\strings\my_strtoll10.c">
      <Filter>Source Files</Filter>
    </ClCompile>
    <ClCompile Include="D:\mysql56win\strings\my_vsnprintf.c">
      <Filter>Source Files</Filter>
    </ClCompile>
    <ClCompile Include="D:\mysql56win\strings\str2int.c">
      <Filter>Source Files</Filter>
    </ClCompile>
    <ClCompile Include="D:\mysql56win\strings\str_alloc.c">
      <Filter>Source Files</Filter>
    </ClCompile>
    <ClCompile Include="D:\mysql56win\strings\strcend.c">
      <Filter>Source Files</Filter>
    </ClCompile>
    <ClCompile Include="D:\mysql56win\strings\strend.c">
      <Filter>Source Files</Filter>
    </ClCompile>
    <ClCompile Include="D:\mysql56win\strings\strfill.c">
      <Filter>Source Files</Filter>
    </ClCompile>
    <ClCompile Include="D:\mysql56win\strings\strmake.c">
      <Filter>Source Files</Filter>
    </ClCompile>
    <ClCompile Include="D:\mysql56win\strings\strmov.c">
      <Filter>Source Files</Filter>
    </ClCompile>
    <ClCompile Include="D:\mysql56win\strings\strnmov.c">
      <Filter>Source Files</Filter>
    </ClCompile>
    <ClCompile Include="D:\mysql56win\strings\strxmov.c">
      <Filter>Source Files</Filter>
    </ClCompile>
    <ClCompile Include="D:\mysql56win\strings\strxnmov.c">
      <Filter>Source Files</Filter>
    </ClCompile>
    <ClCompile Include="D:\mysql56win\strings\xml.c">
      <Filter>Source Files</Filter>
    </ClCompile>
    <ClCompile Include="D:\mysql56win\strings\my_strchr.c">
      <Filter>Source Files</Filter>
    </ClCompile>
    <ClCompile Include="D:\mysql56win\strings\strcont.c">
      <Filter>Source Files</Filter>
    </ClCompile>
    <ClCompile Include="D:\mysql56win\strings\strappend.c">
      <Filter>Source Files</Filter>
    </ClCompile>
  </ItemGroup>
  <ItemGroup>
    <CustomBuild Include="D:\mysql56win\strings\CMakeLists.txt" />
  </ItemGroup>
  <ItemGroup>
    <Filter Include="Source Files">
      <UniqueIdentifier>{162259D1-5436-3233-BA3D-54A11583E275}</UniqueIdentifier>
    </Filter>
  </ItemGroup>
</Project>
