<?xml version="1.0" encoding="utf-8"?>
<Project ToolsVersion="4.0" xmlns="http://schemas.microsoft.com/developer/msbuild/2003">
  <ItemGroup>
    <ClCompile Include="D:\mysql56win\bld\sql\sql_yacc.cc">
      <Filter>Source Files</Filter>
    </ClCompile>
    <ClCompile Include="D:\mysql56win\bld\sql\sql_builtin.cc">
      <Filter>Source Files</Filter>
    </ClCompile>
    <ClCompile Include="D:\mysql56win\sql\dbxp\attribute.cc">
      <Filter>Source Files</Filter>
    </ClCompile>
    <ClCompile Include="D:\mysql56win\sql\dbxp\expression.cc">
      <Filter>Source Files</Filter>
    </ClCompile>
    <ClCompile Include="D:\mysql56win\sql\dbxp\query_tree.cc">
      <Filter>Source Files</Filter>
    </ClCompile>
    <ClCompile Include="D:\mysql56win\sql\dbxp\sql_dbxp_parse.cc">
      <Filter>Source Files</Filter>
    </ClCompile>
    <ClCompile Include="D:\mysql56win\sql\abstract_query_plan.cc">
      <Filter>Source Files</Filter>
    </ClCompile>
    <ClCompile Include="D:\mysql56win\sql\datadict.cc">
      <Filter>Source Files</Filter>
    </ClCompile>
    <ClCompile Include="D:\mysql56win\sql\debug_sync.cc">
      <Filter>Source Files</Filter>
    </ClCompile>
    <ClCompile Include="D:\mysql56win\sql\derror.cc">
      <Filter>Source Files</Filter>
    </ClCompile>
    <ClCompile Include="D:\mysql56win\sql\des_key_file.cc">
      <Filter>Source Files</Filter>
    </ClCompile>
    <ClCompile Include="D:\mysql56win\sql\discover.cc">
      <Filter>Source Files</Filter>
    </ClCompile>
    <ClCompile Include="D:\mysql56win\sql\field.cc">
      <Filter>Source Files</Filter>
    </ClCompile>
    <ClCompile Include="D:\mysql56win\sql\field_conv.cc">
      <Filter>Source Files</Filter>
    </ClCompile>
    <ClCompile Include="D:\mysql56win\sql\filesort.cc">
      <Filter>Source Files</Filter>
    </ClCompile>
    <ClCompile Include="D:\mysql56win\sql\filesort_utils.cc">
      <Filter>Source Files</Filter>
    </ClCompile>
    <ClCompile Include="D:\mysql56win\sql\gcalc_slicescan.cc">
      <Filter>Source Files</Filter>
    </ClCompile>
    <ClCompile Include="D:\mysql56win\sql\gcalc_tools.cc">
      <Filter>Source Files</Filter>
    </ClCompile>
    <ClCompile Include="D:\mysql56win\sql\gstream.cc">
      <Filter>Source Files</Filter>
    </ClCompile>
    <ClCompile Include="D:\mysql56win\sql\handler.cc">
      <Filter>Source Files</Filter>
    </ClCompile>
    <ClCompile Include="D:\mysql56win\sql\hostname.cc">
      <Filter>Source Files</Filter>
    </ClCompile>
    <ClCompile Include="D:\mysql56win\sql\init.cc">
      <Filter>Source Files</Filter>
    </ClCompile>
    <ClCompile Include="D:\mysql56win\sql\item.cc">
      <Filter>Source Files</Filter>
    </ClCompile>
    <ClCompile Include="D:\mysql56win\sql\item_buff.cc">
      <Filter>Source Files</Filter>
    </ClCompile>
    <ClCompile Include="D:\mysql56win\sql\item_cmpfunc.cc">
      <Filter>Source Files</Filter>
    </ClCompile>
    <ClCompile Include="D:\mysql56win\sql\item_create.cc">
      <Filter>Source Files</Filter>
    </ClCompile>
    <ClCompile Include="D:\mysql56win\sql\item_func.cc">
      <Filter>Source Files</Filter>
    </ClCompile>
    <ClCompile Include="D:\mysql56win\sql\item_geofunc.cc">
      <Filter>Source Files</Filter>
    </ClCompile>
    <ClCompile Include="D:\mysql56win\sql\item_row.cc">
      <Filter>Source Files</Filter>
    </ClCompile>
    <ClCompile Include="D:\mysql56win\sql\item_strfunc.cc">
      <Filter>Source Files</Filter>
    </ClCompile>
    <ClCompile Include="D:\mysql56win\sql\item_subselect.cc">
      <Filter>Source Files</Filter>
    </ClCompile>
    <ClCompile Include="D:\mysql56win\sql\item_sum.cc">
      <Filter>Source Files</Filter>
    </ClCompile>
    <ClCompile Include="D:\mysql56win\sql\item_timefunc.cc">
      <Filter>Source Files</Filter>
    </ClCompile>
    <ClCompile Include="D:\mysql56win\sql\item_xmlfunc.cc">
      <Filter>Source Files</Filter>
    </ClCompile>
    <ClCompile Include="D:\mysql56win\sql\item_inetfunc.cc">
      <Filter>Source Files</Filter>
    </ClCompile>
    <ClCompile Include="D:\mysql56win\sql\key.cc">
      <Filter>Source Files</Filter>
    </ClCompile>
    <ClCompile Include="D:\mysql56win\sql\keycaches.cc">
      <Filter>Source Files</Filter>
    </ClCompile>
    <ClCompile Include="D:\mysql56win\sql\lock.cc">
      <Filter>Source Files</Filter>
    </ClCompile>
    <ClCompile Include="D:\mysql56win\sql\log.cc">
      <Filter>Source Files</Filter>
    </ClCompile>
    <ClCompile Include="D:\mysql56win\sql\mdl.cc">
      <Filter>Source Files</Filter>
    </ClCompile>
    <ClCompile Include="D:\mysql56win\sql\mf_iocache.cc">
      <Filter>Source Files</Filter>
    </ClCompile>
    <ClCompile Include="D:\mysql56win\sql\my_decimal.cc">
      <Filter>Source Files</Filter>
    </ClCompile>
    <ClCompile Include="D:\mysql56win\sql\net_serv.cc">
      <Filter>Source Files</Filter>
    </ClCompile>
    <ClCompile Include="D:\mysql56win\sql\opt_explain.cc">
      <Filter>Source Files</Filter>
    </ClCompile>
    <ClCompile Include="D:\mysql56win\sql\opt_explain_traditional.cc">
      <Filter>Source Files</Filter>
    </ClCompile>
    <ClCompile Include="D:\mysql56win\sql\opt_explain_json.cc">
      <Filter>Source Files</Filter>
    </ClCompile>
    <ClCompile Include="D:\mysql56win\sql\opt_range.cc">
      <Filter>Source Files</Filter>
    </ClCompile>
    <ClCompile Include="D:\mysql56win\sql\opt_sum.cc">
      <Filter>Source Files</Filter>
    </ClCompile>
    <ClCompile Include="D:\mysql56win\sql\opt_trace.cc">
      <Filter>Source Files</Filter>
    </ClCompile>
    <ClCompile Include="D:\mysql56win\sql\opt_trace2server.cc">
      <Filter>Source Files</Filter>
    </ClCompile>
    <ClCompile Include="D:\mysql56win\sql\parse_file.cc">
      <Filter>Source Files</Filter>
    </ClCompile>
    <ClCompile Include="D:\mysql56win\sql\partition_info.cc">
      <Filter>Source Files</Filter>
    </ClCompile>
    <ClCompile Include="D:\mysql56win\sql\password.c">
      <Filter>Source Files</Filter>
    </ClCompile>
    <ClCompile Include="D:\mysql56win\sql\procedure.cc">
      <Filter>Source Files</Filter>
    </ClCompile>
    <ClCompile Include="D:\mysql56win\sql\protocol.cc">
      <Filter>Source Files</Filter>
    </ClCompile>
    <ClCompile Include="D:\mysql56win\sql\records.cc">
      <Filter>Source Files</Filter>
    </ClCompile>
    <ClCompile Include="D:\mysql56win\sql\rpl_handler.cc">
      <Filter>Source Files</Filter>
    </ClCompile>
    <ClCompile Include="D:\mysql56win\sql\scheduler.cc">
      <Filter>Source Files</Filter>
    </ClCompile>
    <ClCompile Include="D:\mysql56win\sql\set_var.cc">
      <Filter>Source Files</Filter>
    </ClCompile>
    <ClCompile Include="D:\mysql56win\sql\signal_handler.cc">
      <Filter>Source Files</Filter>
    </ClCompile>
    <ClCompile Include="D:\mysql56win\sql\sp.cc">
      <Filter>Source Files</Filter>
    </ClCompile>
    <ClCompile Include="D:\mysql56win\sql\sp_cache.cc">
      <Filter>Source Files</Filter>
    </ClCompile>
    <ClCompile Include="D:\mysql56win\sql\sp_head.cc">
      <Filter>Source Files</Filter>
    </ClCompile>
    <ClCompile Include="D:\mysql56win\sql\sp_instr.cc">
      <Filter>Source Files</Filter>
    </ClCompile>
    <ClCompile Include="D:\mysql56win\sql\sp_pcontext.cc">
      <Filter>Source Files</Filter>
    </ClCompile>
    <ClCompile Include="D:\mysql56win\sql\sp_rcontext.cc">
      <Filter>Source Files</Filter>
    </ClCompile>
    <ClCompile Include="D:\mysql56win\sql\spatial.cc">
      <Filter>Source Files</Filter>
    </ClCompile>
    <ClCompile Include="D:\mysql56win\sql\string_service.cc">
      <Filter>Source Files</Filter>
    </ClCompile>
    <ClCompile Include="D:\mysql56win\sql\sql_acl.cc">
      <Filter>Source Files</Filter>
    </ClCompile>
    <ClCompile Include="D:\mysql56win\sql\sql_admin.cc">
      <Filter>Source Files</Filter>
    </ClCompile>
    <ClCompile Include="D:\mysql56win\sql\sql_alloc_error_handler.cc">
      <Filter>Source Files</Filter>
    </ClCompile>
    <ClCompile Include="D:\mysql56win\sql\sql_alter.cc">
      <Filter>Source Files</Filter>
    </ClCompile>
    <ClCompile Include="D:\mysql56win\sql\sql_analyse.cc">
      <Filter>Source Files</Filter>
    </ClCompile>
    <ClCompile Include="D:\mysql56win\sql\sql_audit.cc">
      <Filter>Source Files</Filter>
    </ClCompile>
    <ClCompile Include="D:\mysql56win\sql\sql_base.cc">
      <Filter>Source Files</Filter>
    </ClCompile>
    <ClCompile Include="D:\mysql56win\sql\sql_bootstrap.cc">
      <Filter>Source Files</Filter>
    </ClCompile>
    <ClCompile Include="D:\mysql56win\sql\sql_cache.cc">
      <Filter>Source Files</Filter>
    </ClCompile>
    <ClCompile Include="D:\mysql56win\sql\sql_class.cc">
      <Filter>Source Files</Filter>
    </ClCompile>
    <ClCompile Include="D:\mysql56win\sql\sql_connect.cc">
      <Filter>Source Files</Filter>
    </ClCompile>
    <ClCompile Include="D:\mysql56win\sql\sql_crypt.cc">
      <Filter>Source Files</Filter>
    </ClCompile>
    <ClCompile Include="D:\mysql56win\sql\sql_cursor.cc">
      <Filter>Source Files</Filter>
    </ClCompile>
    <ClCompile Include="D:\mysql56win\sql\sql_data_change.cc">
      <Filter>Source Files</Filter>
    </ClCompile>
    <ClCompile Include="D:\mysql56win\sql\sql_db.cc">
      <Filter>Source Files</Filter>
    </ClCompile>
    <ClCompile Include="D:\mysql56win\sql\sql_delete.cc">
      <Filter>Source Files</Filter>
    </ClCompile>
    <ClCompile Include="D:\mysql56win\sql\sql_derived.cc">
      <Filter>Source Files</Filter>
    </ClCompile>
    <ClCompile Include="D:\mysql56win\sql\sql_digest.cc">
      <Filter>Source Files</Filter>
    </ClCompile>
    <ClCompile Include="D:\mysql56win\sql\sql_do.cc">
      <Filter>Source Files</Filter>
    </ClCompile>
    <ClCompile Include="D:\mysql56win\sql\sql_error.cc">
      <Filter>Source Files</Filter>
    </ClCompile>
    <ClCompile Include="D:\mysql56win\sql\sql_executor.cc">
      <Filter>Source Files</Filter>
    </ClCompile>
    <ClCompile Include="D:\mysql56win\sql\sql_get_diagnostics.cc">
      <Filter>Source Files</Filter>
    </ClCompile>
    <ClCompile Include="D:\mysql56win\sql\sql_handler.cc">
      <Filter>Source Files</Filter>
    </ClCompile>
    <ClCompile Include="D:\mysql56win\sql\sql_help.cc">
      <Filter>Source Files</Filter>
    </ClCompile>
    <ClCompile Include="D:\mysql56win\sql\sql_insert.cc">
      <Filter>Source Files</Filter>
    </ClCompile>
    <ClCompile Include="D:\mysql56win\sql\sql_join_buffer.cc">
      <Filter>Source Files</Filter>
    </ClCompile>
    <ClCompile Include="D:\mysql56win\sql\sql_lex.cc">
      <Filter>Source Files</Filter>
    </ClCompile>
    <ClCompile Include="D:\mysql56win\sql\sql_list.cc">
      <Filter>Source Files</Filter>
    </ClCompile>
    <ClCompile Include="D:\mysql56win\sql\sql_load.cc">
      <Filter>Source Files</Filter>
    </ClCompile>
    <ClCompile Include="D:\mysql56win\sql\sql_locale.cc">
      <Filter>Source Files</Filter>
    </ClCompile>
    <ClCompile Include="D:\mysql56win\sql\sql_manager.cc">
      <Filter>Source Files</Filter>
    </ClCompile>
    <ClCompile Include="D:\mysql56win\sql\sql_optimizer.cc">
      <Filter>Source Files</Filter>
    </ClCompile>
    <ClCompile Include="D:\mysql56win\sql\sql_parse.cc">
      <Filter>Source Files</Filter>
    </ClCompile>
    <ClCompile Include="D:\mysql56win\sql\sql_partition.cc">
      <Filter>Source Files</Filter>
    </ClCompile>
    <ClCompile Include="D:\mysql56win\sql\sql_partition_admin.cc">
      <Filter>Source Files</Filter>
    </ClCompile>
    <ClCompile Include="D:\mysql56win\sql\sql_planner.cc">
      <Filter>Source Files</Filter>
    </ClCompile>
    <ClCompile Include="D:\mysql56win\sql\sql_plugin.cc">
      <Filter>Source Files</Filter>
    </ClCompile>
    <ClCompile Include="D:\mysql56win\sql\sql_prepare.cc">
      <Filter>Source Files</Filter>
    </ClCompile>
    <ClCompile Include="D:\mysql56win\sql\sql_profile.cc">
      <Filter>Source Files</Filter>
    </ClCompile>
    <ClCompile Include="D:\mysql56win\sql\sql_reload.cc">
      <Filter>Source Files</Filter>
    </ClCompile>
    <ClCompile Include="D:\mysql56win\sql\sql_rename.cc">
      <Filter>Source Files</Filter>
    </ClCompile>
    <ClCompile Include="D:\mysql56win\sql\sql_resolver.cc">
      <Filter>Source Files</Filter>
    </ClCompile>
    <ClCompile Include="D:\mysql56win\sql\sql_rewrite.cc">
      <Filter>Source Files</Filter>
    </ClCompile>
    <ClCompile Include="D:\mysql56win\sql\sql_select.cc">
      <Filter>Source Files</Filter>
    </ClCompile>
    <ClCompile Include="D:\mysql56win\sql\sql_servers.cc">
      <Filter>Source Files</Filter>
    </ClCompile>
    <ClCompile Include="D:\mysql56win\sql\sql_show.cc">
      <Filter>Source Files</Filter>
    </ClCompile>
    <ClCompile Include="D:\mysql56win\sql\sql_signal.cc">
      <Filter>Source Files</Filter>
    </ClCompile>
    <ClCompile Include="D:\mysql56win\sql\sql_state.c">
      <Filter>Source Files</Filter>
    </ClCompile>
    <ClCompile Include="D:\mysql56win\sql\sql_string.cc">
      <Filter>Source Files</Filter>
    </ClCompile>
    <ClCompile Include="D:\mysql56win\sql\sql_table.cc">
      <Filter>Source Files</Filter>
    </ClCompile>
    <ClCompile Include="D:\mysql56win\sql\sql_tablespace.cc">
      <Filter>Source Files</Filter>
    </ClCompile>
    <ClCompile Include="D:\mysql56win\sql\sql_test.cc">
      <Filter>Source Files</Filter>
    </ClCompile>
    <ClCompile Include="D:\mysql56win\sql\sql_time.cc">
      <Filter>Source Files</Filter>
    </ClCompile>
    <ClCompile Include="D:\mysql56win\sql\sql_tmp_table.cc">
      <Filter>Source Files</Filter>
    </ClCompile>
    <ClCompile Include="D:\mysql56win\sql\sql_trigger.cc">
      <Filter>Source Files</Filter>
    </ClCompile>
    <ClCompile Include="D:\mysql56win\sql\sql_truncate.cc">
      <Filter>Source Files</Filter>
    </ClCompile>
    <ClCompile Include="D:\mysql56win\sql\sql_udf.cc">
      <Filter>Source Files</Filter>
    </ClCompile>
    <ClCompile Include="D:\mysql56win\sql\sql_union.cc">
      <Filter>Source Files</Filter>
    </ClCompile>
    <ClCompile Include="D:\mysql56win\sql\sql_update.cc">
      <Filter>Source Files</Filter>
    </ClCompile>
    <ClCompile Include="D:\mysql56win\sql\sql_view.cc">
      <Filter>Source Files</Filter>
    </ClCompile>
    <ClCompile Include="D:\mysql56win\sql\strfunc.cc">
      <Filter>Source Files</Filter>
    </ClCompile>
    <ClCompile Include="D:\mysql56win\sql\sys_vars.cc">
      <Filter>Source Files</Filter>
    </ClCompile>
    <ClCompile Include="D:\mysql56win\sql\table.cc">
      <Filter>Source Files</Filter>
    </ClCompile>
    <ClCompile Include="D:\mysql56win\sql\table_cache.cc">
      <Filter>Source Files</Filter>
    </ClCompile>
    <ClCompile Include="D:\mysql56win\sql\thr_malloc.cc">
      <Filter>Source Files</Filter>
    </ClCompile>
    <ClCompile Include="D:\mysql56win\sql\transaction.cc">
      <Filter>Source Files</Filter>
    </ClCompile>
    <ClCompile Include="D:\mysql56win\sql\tztime.cc">
      <Filter>Source Files</Filter>
    </ClCompile>
    <ClCompile Include="D:\mysql56win\sql\uniques.cc">
      <Filter>Source Files</Filter>
    </ClCompile>
    <ClCompile Include="D:\mysql56win\sql\unireg.cc">
      <Filter>Source Files</Filter>
    </ClCompile>
    <ClCompile Include="D:\mysql56win\libmysql\errmsg.c">
      <Filter>Source Files</Filter>
    </ClCompile>
    <ClCompile Include="D:\mysql56win\sql-common\client.c">
      <Filter>Source Files</Filter>
    </ClCompile>
    <ClCompile Include="D:\mysql56win\sql-common\client_plugin.c">
      <Filter>Source Files</Filter>
    </ClCompile>
    <ClCompile Include="D:\mysql56win\sql-common\my_path_permissions.cc">
      <Filter>Source Files</Filter>
    </ClCompile>
    <ClCompile Include="D:\mysql56win\sql-common\my_time.c">
      <Filter>Source Files</Filter>
    </ClCompile>
    <ClCompile Include="D:\mysql56win\sql-common\my_user.c">
      <Filter>Source Files</Filter>
    </ClCompile>
    <ClCompile Include="D:\mysql56win\sql-common\pack.c">
      <Filter>Source Files</Filter>
    </ClCompile>
    <ClCompile Include="D:\mysql56win\sql-common\client_authentication.cc">
      <Filter>Source Files</Filter>
    </ClCompile>
    <ClCompile Include="D:\mysql56win\sql\event_data_objects.cc">
      <Filter>Source Files</Filter>
    </ClCompile>
    <ClCompile Include="D:\mysql56win\sql\event_db_repository.cc">
      <Filter>Source Files</Filter>
    </ClCompile>
    <ClCompile Include="D:\mysql56win\sql\event_parse_data.cc">
      <Filter>Source Files</Filter>
    </ClCompile>
    <ClCompile Include="D:\mysql56win\sql\event_queue.cc">
      <Filter>Source Files</Filter>
    </ClCompile>
    <ClCompile Include="D:\mysql56win\sql\event_scheduler.cc">
      <Filter>Source Files</Filter>
    </ClCompile>
    <ClCompile Include="D:\mysql56win\sql\events.cc">
      <Filter>Source Files</Filter>
    </ClCompile>
    <ClCompile Include="D:\mysql56win\sql\mysqld.cc">
      <Filter>Source Files</Filter>
    </ClCompile>
    <ClCompile Include="D:\mysql56win\sql\sql_client.cc">
      <Filter>Source Files</Filter>
    </ClCompile>
    <ClCompile Include="..\..\sql\dbxp\dbxp_dbg.cc">
      <Filter>Source Files</Filter>
    </ClCompile>
  </ItemGroup>
  <ItemGroup>
    <ClInclude Include="D:\mysql56win\bld\sql\sql_yacc.h">
      <Filter>Header Files</Filter>
    </ClInclude>
    <ClInclude Include="D:\mysql56win\bld\sql\lex_hash.h">
      <Filter>Header Files</Filter>
    </ClInclude>
    <ClInclude Include="D:\mysql56win\bld\sql\lex_token.h">
      <Filter>Header Files</Filter>
    </ClInclude>
  </ItemGroup>
  <ItemGroup>
    <CustomBuild Include="D:\mysql56win\sql\CMakeLists.txt" />
  </ItemGroup>
  <ItemGroup>
    <Filter Include="CMake Rules">
      <UniqueIdentifier>{71A31420-2CAE-30F1-98B3-71E3D3197705}</UniqueIdentifier>
    </Filter>
    <Filter Include="Header Files">
      <UniqueIdentifier>{8556B55D-2583-3108-85D1-9665A2C29255}</UniqueIdentifier>
    </Filter>
    <Filter Include="Source Files">
      <UniqueIdentifier>{162259D1-5436-3233-BA3D-54A11583E275}</UniqueIdentifier>
    </Filter>
  </ItemGroup>
</Project>