<?xml version="1.0" encoding="utf-8"?>
<Project ToolsVersion="4.0" xmlns="http://schemas.microsoft.com/developer/msbuild/2003">
  <ItemGroup>
    <CustomBuild Include="D:\mysql56win\bld\CMakeFiles\a353cb4bed1ac65e6c272de942c87150\PACKAGE_force.rule">
      <Filter>CMake Rules</Filter>
    </CustomBuild>
  </ItemGroup>
  <ItemGroup>
    <Filter Include="CMake Rules">
      <UniqueIdentifier>{71A31420-2CAE-30F1-98B3-71E3D3197705}</UniqueIdentifier>
    </Filter>
  </ItemGroup>
</Project>
